
Microsoft Visual Studio Solution File, Format Version 12.00
# Visual Studio Version 17
VisualStudioVersion = 17.14.36401.2 d17.14
MinimumVisualStudioVersion = 10.0.40219.1
Project("{FAE04EC0-301F-11D3-BF4B-00C04F79EFBC}") = "MediConnect.API", "MediConnect.API.csproj", "{8DEF4834-09F3-4555-B4E8-A7D5DA603D43}"
EndProject
Global
	GlobalSection(SolutionConfigurationPlatforms) = preSolution
		Debug|Any CPU = Debug|Any CPU
		Release|Any CPU = Release|Any CPU
	EndGlobalSection
	GlobalSection(ProjectConfigurationPlatforms) = postSolution
		{8DEF4834-09F3-4555-B4E8-A7D5DA603D43}.Debug|Any CPU.ActiveCfg = Debug|Any CPU
		{8DEF4834-09F3-4555-B4E8-A7D5DA603D43}.Debug|Any CPU.Build.0 = Debug|Any CPU
		{8DEF4834-09F3-4555-B4E8-A7D5DA603D43}.Release|Any CPU.ActiveCfg = Release|Any CPU
		{8DEF4834-09F3-4555-B4E8-A7D5DA603D43}.Release|Any CPU.Build.0 = Release|Any CPU
	EndGlobalSection
	GlobalSection(SolutionProperties) = preSolution
		HideSolutionNode = FALSE
	EndGlobalSection
	GlobalSection(ExtensibilityGlobals) = postSolution
		SolutionGuid = {F8322DA1-E16B-4A11-BE4F-420522183A19}
	EndGlobalSection
EndGlobal
